
Microsoft Visual Studio Solution File, Format Version 12.00
# Visual Studio Version 17
VisualStudioVersion = 17.8.34309.116
MinimumVisualStudioVersion = 10.0.40219.1
Project("{FAE04EC0-301F-11D3-BF4B-00C04F79EFBC}") = "CSProjeDemo1", "CSProjeDemo1\CSProjeDemo1.csproj", "{915D3477-22D7-4A9C-BE1B-916A0CD8E74C}"
EndProject
Global
	GlobalSection(SolutionConfigurationPlatforms) = preSolution
		Debug|Any CPU = Debug|Any CPU
		Release|Any CPU = Release|Any CPU
	EndGlobalSection
	GlobalSection(ProjectConfigurationPlatforms) = postSolution
		{915D3477-22D7-4A9C-BE1B-916A0CD8E74C}.Debug|Any CPU.ActiveCfg = Debug|Any CPU
		{915D3477-22D7-4A9C-BE1B-916A0CD8E74C}.Debug|Any CPU.Build.0 = Debug|Any CPU
		{915D3477-22D7-4A9C-BE1B-916A0CD8E74C}.Release|Any CPU.ActiveCfg = Release|Any CPU
		{915D3477-22D7-4A9C-BE1B-916A0CD8E74C}.Release|Any CPU.Build.0 = Release|Any CPU
	EndGlobalSection
	GlobalSection(SolutionProperties) = preSolution
		HideSolutionNode = FALSE
	EndGlobalSection
	GlobalSection(ExtensibilityGlobals) = postSolution
		SolutionGuid = {2074906D-A35F-4D20-874D-51089D805BFD}
	EndGlobalSection
EndGlobal
